
Microsoft Visual Studio Solution File, Format Version 9.00
# Visual Studio 2005
Project("{8BC9CEB8-8B4A-11D0-8D11-00A0C91BC942}") = "FEplugin", "FEplugin\FEplugin.vcproj", "{361041FE-3355-4A70-8D8D-B6CDF33411C4}"
EndProject
Project("{FAE04EC0-301F-11D3-BF4B-00C04F79EFBC}") = "FEplugin_cs", "FEplugin_cs\FEplugin_cs.csproj", "{6E8FAB8A-B8CB-4117-BF8D-4281169A724B}"
EndProject
Project("{FAE04EC0-301F-11D3-BF4B-00C04F79EFBC}") = "FEPtestap_cs", "FEPtestap_cs\FEPtestap_cs.csproj", "{B579C190-A6D7-4AC0-964C-5C7B2DC3483C}"
EndProject
Global
	GlobalSection(SolutionConfigurationPlatforms) = preSolution
		Debug|Any CPU = Debug|Any CPU
		Debug|Mixed Platforms = Debug|Mixed Platforms
		Debug|Win32 = Debug|Win32
		Release|Any CPU = Release|Any CPU
		Release|Mixed Platforms = Release|Mixed Platforms
		Release|Win32 = Release|Win32
	EndGlobalSection
	GlobalSection(ProjectConfigurationPlatforms) = postSolution
		{361041FE-3355-4A70-8D8D-B6CDF33411C4}.Debug|Any CPU.ActiveCfg = Debug|Win32
		{361041FE-3355-4A70-8D8D-B6CDF33411C4}.Debug|Mixed Platforms.ActiveCfg = Debug|Win32
		{361041FE-3355-4A70-8D8D-B6CDF33411C4}.Debug|Mixed Platforms.Build.0 = Debug|Win32
		{361041FE-3355-4A70-8D8D-B6CDF33411C4}.Debug|Win32.ActiveCfg = Debug|Win32
		{361041FE-3355-4A70-8D8D-B6CDF33411C4}.Debug|Win32.Build.0 = Debug|Win32
		{361041FE-3355-4A70-8D8D-B6CDF33411C4}.Release|Any CPU.ActiveCfg = Release|Win32
		{361041FE-3355-4A70-8D8D-B6CDF33411C4}.Release|Mixed Platforms.ActiveCfg = Release|Win32
		{361041FE-3355-4A70-8D8D-B6CDF33411C4}.Release|Mixed Platforms.Build.0 = Release|Win32
		{361041FE-3355-4A70-8D8D-B6CDF33411C4}.Release|Win32.ActiveCfg = Release|Win32
		{361041FE-3355-4A70-8D8D-B6CDF33411C4}.Release|Win32.Build.0 = Release|Win32
		{6E8FAB8A-B8CB-4117-BF8D-4281169A724B}.Debug|Any CPU.ActiveCfg = Debug|Any CPU
		{6E8FAB8A-B8CB-4117-BF8D-4281169A724B}.Debug|Any CPU.Build.0 = Debug|Any CPU
		{6E8FAB8A-B8CB-4117-BF8D-4281169A724B}.Debug|Mixed Platforms.ActiveCfg = Debug|Any CPU
		{6E8FAB8A-B8CB-4117-BF8D-4281169A724B}.Debug|Mixed Platforms.Build.0 = Debug|Any CPU
		{6E8FAB8A-B8CB-4117-BF8D-4281169A724B}.Debug|Win32.ActiveCfg = Debug|Any CPU
		{6E8FAB8A-B8CB-4117-BF8D-4281169A724B}.Release|Any CPU.ActiveCfg = Release|Any CPU
		{6E8FAB8A-B8CB-4117-BF8D-4281169A724B}.Release|Any CPU.Build.0 = Release|Any CPU
		{6E8FAB8A-B8CB-4117-BF8D-4281169A724B}.Release|Mixed Platforms.ActiveCfg = Release|Any CPU
		{6E8FAB8A-B8CB-4117-BF8D-4281169A724B}.Release|Mixed Platforms.Build.0 = Release|Any CPU
		{6E8FAB8A-B8CB-4117-BF8D-4281169A724B}.Release|Win32.ActiveCfg = Release|Any CPU
		{B579C190-A6D7-4AC0-964C-5C7B2DC3483C}.Debug|Any CPU.ActiveCfg = Debug|Any CPU
		{B579C190-A6D7-4AC0-964C-5C7B2DC3483C}.Debug|Any CPU.Build.0 = Debug|Any CPU
		{B579C190-A6D7-4AC0-964C-5C7B2DC3483C}.Debug|Mixed Platforms.ActiveCfg = Debug|Any CPU
		{B579C190-A6D7-4AC0-964C-5C7B2DC3483C}.Debug|Mixed Platforms.Build.0 = Debug|Any CPU
		{B579C190-A6D7-4AC0-964C-5C7B2DC3483C}.Debug|Win32.ActiveCfg = Debug|Any CPU
		{B579C190-A6D7-4AC0-964C-5C7B2DC3483C}.Release|Any CPU.ActiveCfg = Release|Any CPU
		{B579C190-A6D7-4AC0-964C-5C7B2DC3483C}.Release|Any CPU.Build.0 = Release|Any CPU
		{B579C190-A6D7-4AC0-964C-5C7B2DC3483C}.Release|Mixed Platforms.ActiveCfg = Release|Any CPU
		{B579C190-A6D7-4AC0-964C-5C7B2DC3483C}.Release|Mixed Platforms.Build.0 = Release|Any CPU
		{B579C190-A6D7-4AC0-964C-5C7B2DC3483C}.Release|Win32.ActiveCfg = Release|Any CPU
	EndGlobalSection
	GlobalSection(SolutionProperties) = preSolution
		HideSolutionNode = FALSE
	EndGlobalSection
EndGlobal
