
Microsoft Visual Studio Solution File, Format Version 9.00
# Visual Studio 2005
Project("{8BC9CEB8-8B4A-11D0-8D11-00A0C91BC942}") = "LMplugin", "..\LMPlugin\LMplugin.vcproj", "{D85E24FE-7917-408F-9411-EEC835F17DA9}"
EndProject
Project("{8BC9CEB8-8B4A-11D0-8D11-00A0C91BC942}") = "ReportAsistent", "ReportAsistent.vcproj", "{ACA1C422-47A3-4CD8-86D6-0B3C510A487E}"
	ProjectSection(ProjectDependencies) = postProject
		{D85E24FE-7917-408F-9411-EEC835F17DA9} = {D85E24FE-7917-408F-9411-EEC835F17DA9}
	EndProjectSection
EndProject
Global
	GlobalSection(SolutionConfigurationPlatforms) = preSolution
		Debug|Win32 = Debug|Win32
		Release|Win32 = Release|Win32
	EndGlobalSection
	GlobalSection(ProjectConfigurationPlatforms) = postSolution
		{D85E24FE-7917-408F-9411-EEC835F17DA9}.Debug|Win32.ActiveCfg = Debug|Win32
		{D85E24FE-7917-408F-9411-EEC835F17DA9}.Debug|Win32.Build.0 = Debug|Win32
		{D85E24FE-7917-408F-9411-EEC835F17DA9}.Release|Win32.ActiveCfg = Release|Win32
		{D85E24FE-7917-408F-9411-EEC835F17DA9}.Release|Win32.Build.0 = Release|Win32
		{ACA1C422-47A3-4CD8-86D6-0B3C510A487E}.Debug|Win32.ActiveCfg = Debug|Win32
		{ACA1C422-47A3-4CD8-86D6-0B3C510A487E}.Debug|Win32.Build.0 = Debug|Win32
		{ACA1C422-47A3-4CD8-86D6-0B3C510A487E}.Release|Win32.ActiveCfg = Release|Win32
		{ACA1C422-47A3-4CD8-86D6-0B3C510A487E}.Release|Win32.Build.0 = Release|Win32
	EndGlobalSection
	GlobalSection(SolutionProperties) = preSolution
		HideSolutionNode = FALSE
	EndGlobalSection
EndGlobal
